
Microsoft Visual Studio Solution File, Format Version 12.00
# Visual Studio Version 17
VisualStudioVersion = 17.2.32526.322
MinimumVisualStudioVersion = 10.0.40219.1
Project("{FAE04EC0-301F-11D3-BF4B-00C04F79EFBC}") = "03 -database", "03 -database\03 -database.csproj", "{6F423CA6-B1E8-42D9-B1A3-A150CFC7F689}"
EndProject
Global
	GlobalSection(SolutionConfigurationPlatforms) = preSolution
		Debug|Any CPU = Debug|Any CPU
		Release|Any CPU = Release|Any CPU
	EndGlobalSection
	GlobalSection(ProjectConfigurationPlatforms) = postSolution
		{6F423CA6-B1E8-42D9-B1A3-A150CFC7F689}.Debug|Any CPU.ActiveCfg = Debug|Any CPU
		{6F423CA6-B1E8-42D9-B1A3-A150CFC7F689}.Debug|Any CPU.Build.0 = Debug|Any CPU
		{6F423CA6-B1E8-42D9-B1A3-A150CFC7F689}.Release|Any CPU.ActiveCfg = Release|Any CPU
		{6F423CA6-B1E8-42D9-B1A3-A150CFC7F689}.Release|Any CPU.Build.0 = Release|Any CPU
	EndGlobalSection
	GlobalSection(SolutionProperties) = preSolution
		HideSolutionNode = FALSE
	EndGlobalSection
	GlobalSection(ExtensibilityGlobals) = postSolution
		SolutionGuid = {0A2B3FA4-9468-4027-BF1F-930F9BBBD185}
	EndGlobalSection
EndGlobal
